
Microsoft Visual Studio Solution File, Format Version 12.00
# Visual Studio Version 17
VisualStudioVersion = 17.14.36212.18 d17.14
MinimumVisualStudioVersion = 10.0.40219.1
Project("{FAE04EC0-301F-11D3-BF4B-00C04F79EFBC}") = "ADV03", "ADV03\ADV03.csproj", "{0E2D873F-FA46-459D-B39A-39A7C98F5334}"
EndProject
Global
	GlobalSection(SolutionConfigurationPlatforms) = preSolution
		Debug|Any CPU = Debug|Any CPU
		Release|Any CPU = Release|Any CPU
	EndGlobalSection
	GlobalSection(ProjectConfigurationPlatforms) = postSolution
		{0E2D873F-FA46-459D-B39A-39A7C98F5334}.Debug|Any CPU.ActiveCfg = Debug|Any CPU
		{0E2D873F-FA46-459D-B39A-39A7C98F5334}.Debug|Any CPU.Build.0 = Debug|Any CPU
		{0E2D873F-FA46-459D-B39A-39A7C98F5334}.Release|Any CPU.ActiveCfg = Release|Any CPU
		{0E2D873F-FA46-459D-B39A-39A7C98F5334}.Release|Any CPU.Build.0 = Release|Any CPU
	EndGlobalSection
	GlobalSection(SolutionProperties) = preSolution
		HideSolutionNode = FALSE
	EndGlobalSection
	GlobalSection(ExtensibilityGlobals) = postSolution
		SolutionGuid = {D22A718A-040F-4857-964F-0F5AE5A1531D}
	EndGlobalSection
EndGlobal
